
Microsoft Visual Studio Solution File, Format Version 12.00
# Visual Studio Version 17
VisualStudioVersion = 17.11.35222.181
MinimumVisualStudioVersion = 10.0.40219.1
Project("{FAE04EC0-301F-11D3-BF4B-00C04F79EFBC}") = "Homework", "Homework\Homework.csproj", "{84AA6A16-7696-4236-807B-7797E850EF51}"
EndProject
Global
	GlobalSection(SolutionConfigurationPlatforms) = preSolution
		Debug|Any CPU = Debug|Any CPU
		Release|Any CPU = Release|Any CPU
	EndGlobalSection
	GlobalSection(ProjectConfigurationPlatforms) = postSolution
		{84AA6A16-7696-4236-807B-7797E850EF51}.Debug|Any CPU.ActiveCfg = Debug|Any CPU
		{84AA6A16-7696-4236-807B-7797E850EF51}.Debug|Any CPU.Build.0 = Debug|Any CPU
		{84AA6A16-7696-4236-807B-7797E850EF51}.Release|Any CPU.ActiveCfg = Release|Any CPU
		{84AA6A16-7696-4236-807B-7797E850EF51}.Release|Any CPU.Build.0 = Release|Any CPU
	EndGlobalSection
	GlobalSection(SolutionProperties) = preSolution
		HideSolutionNode = FALSE
	EndGlobalSection
	GlobalSection(ExtensibilityGlobals) = postSolution
		SolutionGuid = {BE5C61DF-F3AA-45D8-9A02-38CBEA3316F1}
	EndGlobalSection
EndGlobal
